{
  "requires": true,
  "lockfileVersion": 1,
  "dependencies": {
    "@angular/tsc-wrapped": {
      "version": "4.4.6",
      "resolved": "https://registry.npmjs.org/@angular/tsc-wrapped/-/tsc-wrapped-4.4.6.tgz",
      "integrity": "sha1-Fnh8u/UL3H5zgSOxnDJSfyROF40=",
      "requires": {
        "tsickle": "^0.21.0"
      }
    },
    "ansi-styles": {
      "version": "3.2.1",
      "resolved": "https://registry.npmjs.org/ansi-styles/-/ansi-styles-3.2.1.tgz",
      "integrity": "sha512-VT0ZI6kZRdTh8YyJw3SMbYm/u+NqfsAxEpWO0Pf9sq8/e94WxxOpPKx9FR1FlyCtOVDNOQ+8ntlqFxiRc+r5qA==",
      "requires": {
        "color-convert": "^1.9.0"
      }
    },
    "autoprefixer": {
      "version": "9.1.0",
      "resolved": "https://registry.npmjs.org/autoprefixer/-/autoprefixer-9.1.0.tgz",
      "integrity": "sha512-BbAIdxNdptG/x4DiGGfpkDVYyqu4nUyNdBB0Utr49Gn3+0RERV1MdHik2FSbbWwhMAuk1KrfVJHe7nEMheGdBA==",
      "requires": {
        "browserslist": "^4.0.1",
        "caniuse-lite": "^1.0.30000872",
        "normalize-range": "^0.1.2",
        "num2fraction": "^1.2.2",
        "postcss": "^7.0.2",
        "postcss-value-parser": "^3.2.3"
      }
    },
    "browserslist": {
      "version": "4.0.1",
      "resolved": "https://registry.npmjs.org/browserslist/-/browserslist-4.0.1.tgz",
      "integrity": "sha512-QqiiIWchEIkney3wY53/huI7ZErouNAdvOkjorUALAwRcu3tEwOV3Sh6He0DnP38mz1JjBpCBb50jQBmaYuHPw==",
      "requires": {
        "caniuse-lite": "^1.0.30000865",
        "electron-to-chromium": "^1.3.52",
        "node-releases": "^1.0.0-alpha.10"
      }
    },
    "caniuse-lite": {
      "version": "1.0.30000874",
      "resolved": "https://registry.npmjs.org/caniuse-lite/-/caniuse-lite-1.0.30000874.tgz",
      "integrity": "sha512-29nr1EPiHwrJTAHHsEmTt2h+55L8j2GNFdAcYPlRy2NX6iFz7ZZiepVI7kP/QqlnHLq3KvfWpbmGa0d063U09w=="
    },
    "chalk": {
      "version": "2.4.1",
      "resolved": "https://registry.npmjs.org/chalk/-/chalk-2.4.1.tgz",
      "integrity": "sha512-ObN6h1v2fTJSmUXoS3nMQ92LbDK9be4TV+6G+omQlGJFdcUX5heKi1LZ1YnRMIgwTLEj3E24bT6tYni50rlCfQ==",
      "requires": {
        "ansi-styles": "^3.2.1",
        "escape-string-regexp": "^1.0.5",
        "supports-color": "^5.3.0"
      }
    },
    "color-convert": {
      "version": "1.9.2",
      "resolved": "https://registry.npmjs.org/color-convert/-/color-convert-1.9.2.tgz",
      "integrity": "sha512-3NUJZdhMhcdPn8vJ9v2UQJoH0qqoGUkYTgFEPZaPjEtwmmKUfNV46zZmgB2M5M4DCEQHMaCfWHCxiBflLm04Tg==",
      "requires": {
        "color-name": "1.1.1"
      }
    },
    "color-name": {
      "version": "1.1.1",
      "resolved": "https://registry.npmjs.org/color-name/-/color-name-1.1.1.tgz",
      "integrity": "sha1-SxQVMEz1ACjqgWQ2Q72C6gWANok="
    },
    "electron-to-chromium": {
      "version": "1.3.55",
      "resolved": "https://registry.npmjs.org/electron-to-chromium/-/electron-to-chromium-1.3.55.tgz",
      "integrity": "sha1-8VDhCyC3fZ1Br8yjEu/gw7Gn/c4="
    },
    "escape-string-regexp": {
      "version": "1.0.5",
      "resolved": "https://registry.npmjs.org/escape-string-regexp/-/escape-string-regexp-1.0.5.tgz",
      "integrity": "sha1-G2HAViGQqN/2rjuyzwIAyhMLhtQ="
    },
    "has-flag": {
      "version": "3.0.0",
      "resolved": "https://registry.npmjs.org/has-flag/-/has-flag-3.0.0.tgz",
      "integrity": "sha1-tdRU3CGZriJWmfNGfloH87lVuv0="
    },
    "minimist": {
      "version": "1.2.0",
      "resolved": "https://registry.npmjs.org/minimist/-/minimist-1.2.0.tgz",
      "integrity": "sha1-o1AIsg9BOD7sH7kU9M1d95omQoQ="
    },
    "mkdirp": {
      "version": "0.5.1",
      "resolved": "https://registry.npmjs.org/mkdirp/-/mkdirp-0.5.1.tgz",
      "integrity": "sha1-MAV0OOrGz3+MR2fzhkjWaX11yQM=",
      "requires": {
        "minimist": "0.0.8"
      },
      "dependencies": {
        "minimist": {
          "version": "0.0.8",
          "resolved": "https://registry.npmjs.org/minimist/-/minimist-0.0.8.tgz",
          "integrity": "sha1-hX/Kv8M5fSYluCKCYuhqp6ARsF0="
        }
      }
    },
    "node-releases": {
      "version": "1.0.0-alpha.10",
      "resolved": "https://registry.npmjs.org/node-releases/-/node-releases-1.0.0-alpha.10.tgz",
      "integrity": "sha512-BSQrRgOfN6L/MoKIa7pRUc7dHvflCXMcqyTBvphixcSsgJTuUd24vAFONuNfVsuwTyz28S1HEc9XN6ZKylk4Hg==",
      "requires": {
        "semver": "^5.3.0"
      }
    },
    "normalize-range": {
      "version": "0.1.2",
      "resolved": "https://registry.npmjs.org/normalize-range/-/normalize-range-0.1.2.tgz",
      "integrity": "sha1-LRDAa9/TEuqXd2laTShDlFa3WUI="
    },
    "num2fraction": {
      "version": "1.2.2",
      "resolved": "https://registry.npmjs.org/num2fraction/-/num2fraction-1.2.2.tgz",
      "integrity": "sha1-b2gragJ6Tp3fpFZM0lidHU5mnt4="
    },
    "postcss": {
      "version": "7.0.2",
      "resolved": "https://registry.npmjs.org/postcss/-/postcss-7.0.2.tgz",
      "integrity": "sha512-fmaUY5370keLUTx+CnwRxtGiuFTcNBLQBqr1oE3WZ/euIYmGAo0OAgOhVJ3ByDnVmOR3PK+0V9VebzfjRIUcqw==",
      "requires": {
        "chalk": "^2.4.1",
        "source-map": "^0.6.1",
        "supports-color": "^5.4.0"
      },
      "dependencies": {
        "source-map": {
          "version": "0.6.1",
          "resolved": "https://registry.npmjs.org/source-map/-/source-map-0.6.1.tgz",
          "integrity": "sha512-UjgapumWlbMhkBgzT7Ykc5YXUT46F0iKu8SGXq0bcwP5dz/h0Plj6enJqjz1Zbq2l5WaqYnrVbwWOWMyF3F47g=="
        }
      }
    },
    "postcss-value-parser": {
      "version": "3.3.0",
      "resolved": "https://registry.npmjs.org/postcss-value-parser/-/postcss-value-parser-3.3.0.tgz",
      "integrity": "sha1-h/OPnxj3dKSrTIojL1xc6IcqnRU="
    },
    "semver": {
      "version": "5.5.0",
      "resolved": "https://registry.npmjs.org/semver/-/semver-5.5.0.tgz",
      "integrity": "sha512-4SJ3dm0WAwWy/NVeioZh5AntkdJoWKxHxcmyP622fOkgHa4z3R0TdBJICINyaSDE6uNwVc8gZr+ZinwZAH4xIA=="
    },
    "source-map": {
      "version": "0.5.7",
      "resolved": "https://registry.npmjs.org/source-map/-/source-map-0.5.7.tgz",
      "integrity": "sha1-igOdLRAh0i0eoUyA2OpGi6LvP8w="
    },
    "source-map-support": {
      "version": "0.4.18",
      "resolved": "https://registry.npmjs.org/source-map-support/-/source-map-support-0.4.18.tgz",
      "integrity": "sha512-try0/JqxPLF9nOjvSta7tVondkP5dwgyLDjVoyMDlmjugT2lRZ1OfsrYTkCd2hkDnJTKRbO/Rl3orm8vlsUzbA==",
      "requires": {
        "source-map": "^0.5.6"
      }
    },
    "supports-color": {
      "version": "5.4.0",
      "resolved": "https://registry.npmjs.org/supports-color/-/supports-color-5.4.0.tgz",
      "integrity": "sha512-zjaXglF5nnWpsq470jSv6P9DwPvgLkuapYmfDm3JWOm0vkNTVF2tI4UrN2r6jH1qM/uc/WtxYY1hYoA2dOKj5w==",
      "requires": {
        "has-flag": "^3.0.0"
      }
    },
    "tsickle": {
      "version": "0.21.6",
      "resolved": "https://registry.npmjs.org/tsickle/-/tsickle-0.21.6.tgz",
      "integrity": "sha1-U7Abl5xcE/2xOvs/uVgXflmRWI0=",
      "requires": {
        "minimist": "^1.2.0",
        "mkdirp": "^0.5.1",
        "source-map": "^0.5.6",
        "source-map-support": "^0.4.2"
      }
    }
  }
}
